
Microsoft Visual Studio Solution File, Format Version 12.00
# Visual Studio Version 16
VisualStudioVersion = 16.0.30225.117
MinimumVisualStudioVersion = 10.0.40219.1
Project("{FAE04EC0-301F-11D3-BF4B-00C04F79EFBC}") = "MatildeRibokela", "MatildeRibokela.csproj", "{88CBB895-5A66-475C-BE74-C31BE9252E14}"
EndProject
Project("{FAE04EC0-301F-11D3-BF4B-00C04F79EFBC}") = "DTO", "..\DTO\DTO.csproj", "{8605E114-77C4-4845-A265-60FDA388E67E}"
EndProject
Project("{FAE04EC0-301F-11D3-BF4B-00C04F79EFBC}") = "BLL", "..\BLL\BLL.csproj", "{7BC0266D-8FE6-441C-91DB-0A77C831D665}"
EndProject
Project("{FAE04EC0-301F-11D3-BF4B-00C04F79EFBC}") = "DAL", "..\DAL\DAL.csproj", "{CF645D9C-072D-44A7-8965-47984E104FB9}"
EndProject
Project("{FAE04EC0-301F-11D3-BF4B-00C04F79EFBC}") = "HELPER", "..\HELPER\HELPER.csproj", "{820F95AA-56CC-4CAB-AF9D-C883137510ED}"
EndProject
Global
	GlobalSection(SolutionConfigurationPlatforms) = preSolution
		Debug|Any CPU = Debug|Any CPU
		Release|Any CPU = Release|Any CPU
	EndGlobalSection
	GlobalSection(ProjectConfigurationPlatforms) = postSolution
		{88CBB895-5A66-475C-BE74-C31BE9252E14}.Debug|Any CPU.ActiveCfg = Debug|Any CPU
		{88CBB895-5A66-475C-BE74-C31BE9252E14}.Debug|Any CPU.Build.0 = Debug|Any CPU
		{88CBB895-5A66-475C-BE74-C31BE9252E14}.Release|Any CPU.ActiveCfg = Release|Any CPU
		{88CBB895-5A66-475C-BE74-C31BE9252E14}.Release|Any CPU.Build.0 = Release|Any CPU
		{8605E114-77C4-4845-A265-60FDA388E67E}.Debug|Any CPU.ActiveCfg = Debug|Any CPU
		{8605E114-77C4-4845-A265-60FDA388E67E}.Debug|Any CPU.Build.0 = Debug|Any CPU
		{8605E114-77C4-4845-A265-60FDA388E67E}.Release|Any CPU.ActiveCfg = Release|Any CPU
		{8605E114-77C4-4845-A265-60FDA388E67E}.Release|Any CPU.Build.0 = Release|Any CPU
		{7BC0266D-8FE6-441C-91DB-0A77C831D665}.Debug|Any CPU.ActiveCfg = Debug|Any CPU
		{7BC0266D-8FE6-441C-91DB-0A77C831D665}.Debug|Any CPU.Build.0 = Debug|Any CPU
		{7BC0266D-8FE6-441C-91DB-0A77C831D665}.Release|Any CPU.ActiveCfg = Release|Any CPU
		{7BC0266D-8FE6-441C-91DB-0A77C831D665}.Release|Any CPU.Build.0 = Release|Any CPU
		{CF645D9C-072D-44A7-8965-47984E104FB9}.Debug|Any CPU.ActiveCfg = Debug|Any CPU
		{CF645D9C-072D-44A7-8965-47984E104FB9}.Debug|Any CPU.Build.0 = Debug|Any CPU
		{CF645D9C-072D-44A7-8965-47984E104FB9}.Release|Any CPU.ActiveCfg = Release|Any CPU
		{CF645D9C-072D-44A7-8965-47984E104FB9}.Release|Any CPU.Build.0 = Release|Any CPU
		{820F95AA-56CC-4CAB-AF9D-C883137510ED}.Debug|Any CPU.ActiveCfg = Debug|Any CPU
		{820F95AA-56CC-4CAB-AF9D-C883137510ED}.Debug|Any CPU.Build.0 = Debug|Any CPU
		{820F95AA-56CC-4CAB-AF9D-C883137510ED}.Release|Any CPU.ActiveCfg = Release|Any CPU
		{820F95AA-56CC-4CAB-AF9D-C883137510ED}.Release|Any CPU.Build.0 = Release|Any CPU
	EndGlobalSection
	GlobalSection(SolutionProperties) = preSolution
		HideSolutionNode = FALSE
	EndGlobalSection
	GlobalSection(ExtensibilityGlobals) = postSolution
		SolutionGuid = {5C92F432-04BC-40E3-A4C5-F58585EC5884}
	EndGlobalSection
EndGlobal
